
Microsoft Visual Studio Solution File, Format Version 12.00
# Visual Studio 15
VisualStudioVersion = 15.0.27428.2015
MinimumVisualStudioVersion = 10.0.40219.1
Project("{9A19103F-16F7-4668-BE54-9A1E7A4F7556}") = "Test.Service", "Test.BLL\Test.Service.csproj", "{82800BC9-EA57-4697-A9B6-3C6570ADFA55}"
EndProject
Project("{9A19103F-16F7-4668-BE54-9A1E7A4F7556}") = "Test.Domain", "Test.Domain\Test.Domain.csproj", "{782F8B51-54B8-4E0C-A305-B1135207DBEF}"
EndProject
Project("{9A19103F-16F7-4668-BE54-9A1E7A4F7556}") = "Test.Core", "Test.Core\Test.Core.csproj", "{1CB9B3B8-55FA-41FC-85F3-E3FC7D3B592A}"
EndProject
Project("{2150E333-8FDC-42A3-9474-1A3956D46DE8}") = "Web", "Web", "{1756561B-A467-4CD0-8A32-52FB2EA4C2E0}"
EndProject
Project("{9A19103F-16F7-4668-BE54-9A1E7A4F7556}") = "Test.Web", "Web\Test.Web\Test.Web.csproj", "{9A89F34C-81A2-4749-B1A7-C32151295193}"
EndProject
Project("{9A19103F-16F7-4668-BE54-9A1E7A4F7556}") = "Test.IdentityServer", "Web\Test.IdentityServer\Test.IdentityServer.csproj", "{52C29A7A-C460-4870-A6E5-5614F6CE3BF2}"
EndProject
Global
	GlobalSection(SolutionConfigurationPlatforms) = preSolution
		Debug|Any CPU = Debug|Any CPU
		Release|Any CPU = Release|Any CPU
	EndGlobalSection
	GlobalSection(ProjectConfigurationPlatforms) = postSolution
		{82800BC9-EA57-4697-A9B6-3C6570ADFA55}.Debug|Any CPU.ActiveCfg = Debug|Any CPU
		{82800BC9-EA57-4697-A9B6-3C6570ADFA55}.Debug|Any CPU.Build.0 = Debug|Any CPU
		{82800BC9-EA57-4697-A9B6-3C6570ADFA55}.Release|Any CPU.ActiveCfg = Release|Any CPU
		{82800BC9-EA57-4697-A9B6-3C6570ADFA55}.Release|Any CPU.Build.0 = Release|Any CPU
		{782F8B51-54B8-4E0C-A305-B1135207DBEF}.Debug|Any CPU.ActiveCfg = Debug|Any CPU
		{782F8B51-54B8-4E0C-A305-B1135207DBEF}.Debug|Any CPU.Build.0 = Debug|Any CPU
		{782F8B51-54B8-4E0C-A305-B1135207DBEF}.Release|Any CPU.ActiveCfg = Release|Any CPU
		{782F8B51-54B8-4E0C-A305-B1135207DBEF}.Release|Any CPU.Build.0 = Release|Any CPU
		{1CB9B3B8-55FA-41FC-85F3-E3FC7D3B592A}.Debug|Any CPU.ActiveCfg = Debug|Any CPU
		{1CB9B3B8-55FA-41FC-85F3-E3FC7D3B592A}.Debug|Any CPU.Build.0 = Debug|Any CPU
		{1CB9B3B8-55FA-41FC-85F3-E3FC7D3B592A}.Release|Any CPU.ActiveCfg = Release|Any CPU
		{1CB9B3B8-55FA-41FC-85F3-E3FC7D3B592A}.Release|Any CPU.Build.0 = Release|Any CPU
		{9A89F34C-81A2-4749-B1A7-C32151295193}.Debug|Any CPU.ActiveCfg = Debug|Any CPU
		{9A89F34C-81A2-4749-B1A7-C32151295193}.Debug|Any CPU.Build.0 = Debug|Any CPU
		{9A89F34C-81A2-4749-B1A7-C32151295193}.Release|Any CPU.ActiveCfg = Release|Any CPU
		{9A89F34C-81A2-4749-B1A7-C32151295193}.Release|Any CPU.Build.0 = Release|Any CPU
		{52C29A7A-C460-4870-A6E5-5614F6CE3BF2}.Debug|Any CPU.ActiveCfg = Debug|Any CPU
		{52C29A7A-C460-4870-A6E5-5614F6CE3BF2}.Debug|Any CPU.Build.0 = Debug|Any CPU
		{52C29A7A-C460-4870-A6E5-5614F6CE3BF2}.Release|Any CPU.ActiveCfg = Release|Any CPU
		{52C29A7A-C460-4870-A6E5-5614F6CE3BF2}.Release|Any CPU.Build.0 = Release|Any CPU
	EndGlobalSection
	GlobalSection(SolutionProperties) = preSolution
		HideSolutionNode = FALSE
	EndGlobalSection
	GlobalSection(NestedProjects) = preSolution
		{9A89F34C-81A2-4749-B1A7-C32151295193} = {1756561B-A467-4CD0-8A32-52FB2EA4C2E0}
		{52C29A7A-C460-4870-A6E5-5614F6CE3BF2} = {1756561B-A467-4CD0-8A32-52FB2EA4C2E0}
	EndGlobalSection
	GlobalSection(ExtensibilityGlobals) = postSolution
		SolutionGuid = {1335F7C5-7693-4489-97C9-EE9120BA8732}
	EndGlobalSection
EndGlobal
